
Microsoft Visual Studio Solution File, Format Version 12.00
# Visual Studio Version 17
VisualStudioVersion = 17.5.002.0
MinimumVisualStudioVersion = 10.0.40219.1
Project("{9A19103F-16F7-4668-BE54-9A1E7A4F7556}") = "HanaWebApp", "HanaWebApp.csproj", "{D886D4C9-3413-49AA-B78F-2382A346EC2C}"
EndProject
Global
	GlobalSection(SolutionConfigurationPlatforms) = preSolution
		Debug|Any CPU = Debug|Any CPU
		Release|Any CPU = Release|Any CPU
	EndGlobalSection
	GlobalSection(ProjectConfigurationPlatforms) = postSolution
		{D886D4C9-3413-49AA-B78F-2382A346EC2C}.Debug|Any CPU.ActiveCfg = Debug|Any CPU
		{D886D4C9-3413-49AA-B78F-2382A346EC2C}.Debug|Any CPU.Build.0 = Debug|Any CPU
		{D886D4C9-3413-49AA-B78F-2382A346EC2C}.Release|Any CPU.ActiveCfg = Release|Any CPU
		{D886D4C9-3413-49AA-B78F-2382A346EC2C}.Release|Any CPU.Build.0 = Release|Any CPU
	EndGlobalSection
	GlobalSection(SolutionProperties) = preSolution
		HideSolutionNode = FALSE
	EndGlobalSection
	GlobalSection(ExtensibilityGlobals) = postSolution
		SolutionGuid = {9321D786-DCAE-4B95-AA4C-844EC5D38F04}
	EndGlobalSection
EndGlobal
